
Microsoft Visual Studio Solution File, Format Version 11.00
# Visual Studio 2010
Project("{FAE04EC0-301F-11D3-BF4B-00C04F79EFBC}") = "Cekilis Uygulamasi - Muslu.Net", "Cekilis Uygulamasi - Muslu.Net\Cekilis Uygulamasi - Muslu.Net.csproj", "{D9E7BC82-C9FF-4746-BE91-AB17C2E37EC1}"
EndProject
Global
	GlobalSection(SolutionConfigurationPlatforms) = preSolution
		Debug|x86 = Debug|x86
		Release|x86 = Release|x86
	EndGlobalSection
	GlobalSection(ProjectConfigurationPlatforms) = postSolution
		{D9E7BC82-C9FF-4746-BE91-AB17C2E37EC1}.Debug|x86.ActiveCfg = Debug|x86
		{D9E7BC82-C9FF-4746-BE91-AB17C2E37EC1}.Debug|x86.Build.0 = Debug|x86
		{D9E7BC82-C9FF-4746-BE91-AB17C2E37EC1}.Release|x86.ActiveCfg = Release|x86
		{D9E7BC82-C9FF-4746-BE91-AB17C2E37EC1}.Release|x86.Build.0 = Release|x86
	EndGlobalSection
	GlobalSection(SolutionProperties) = preSolution
		HideSolutionNode = FALSE
	EndGlobalSection
EndGlobal
